// !$*UTF8*$!
{
	archiveVersion = 1;
	classes = {
	};
	objectVersion = 46;
	objects = {

/* Begin PBXBuildFile section */
		85163BE61B39092100D07CCD /* AppDelegate.swift in Sources */ = {isa = PBXBuildFile; fileRef = 85163BE51B39092100D07CCD /* AppDelegate.swift */; };
		85163BEB1B39092100D07CCD /* Main.storyboard in Resources */ = {isa = PBXBuildFile; fileRef = 85163BE91B39092100D07CCD /* Main.storyboard */; };
		85163BED1B39092100D07CCD /* Images.xcassets in Resources */ = {isa = PBXBuildFile; fileRef = 85163BEC1B39092100D07CCD /* Images.xcassets */; };
		85163BF01B39092100D07CCD /* LaunchScreen.xib in Resources */ = {isa = PBXBuildFile; fileRef = 85163BEE1B39092100D07CCD /* LaunchScreen.xib */; };
		85163BFC1B39092100D07CCD /* ZerableTests.swift in Sources */ = {isa = PBXBuildFile; fileRef = 85163BFB1B39092100D07CCD /* ZerableTests.swift */; };
		851B8D981B55A23E00A33C8F /* PaymentInfoViewController.swift in Sources */ = {isa = PBXBuildFile; fileRef = 851B8D971B55A23E00A33C8F /* PaymentInfoViewController.swift */; };
		852B258A1B4DB93300F597ED /* SettingsViewController.swift in Sources */ = {isa = PBXBuildFile; fileRef = 852B25891B4DB93300F597ED /* SettingsViewController.swift */; };
		852B258C1B4DBA9900F597ED /* SettingsCell.swift in Sources */ = {isa = PBXBuildFile; fileRef = 852B258B1B4DBA9900F597ED /* SettingsCell.swift */; };
		852B258E1B4DBAF100F597ED /* SettingsCell.xib in Resources */ = {isa = PBXBuildFile; fileRef = 852B258D1B4DBAF100F597ED /* SettingsCell.xib */; };
		852B9C9D1B50DE33006DE459 /* ProfileViewController.swift in Sources */ = {isa = PBXBuildFile; fileRef = 852B9C9C1B50DE33006DE459 /* ProfileViewController.swift */; };
		852B9C9F1B50E044006DE459 /* BasicInfoViewController.swift in Sources */ = {isa = PBXBuildFile; fileRef = 852B9C9E1B50E044006DE459 /* BasicInfoViewController.swift */; };
		852B9CA11B50E1F4006DE459 /* AddressViewController.swift in Sources */ = {isa = PBXBuildFile; fileRef = 852B9CA01B50E1F4006DE459 /* AddressViewController.swift */; };
		8532CD991B41E92E004D45EF /* WelcomeViewController.swift in Sources */ = {isa = PBXBuildFile; fileRef = 8532CD981B41E92E004D45EF /* WelcomeViewController.swift */; };
		8532CD9B1B41F78F004D45EF /* ZerableRoundButton.swift in Sources */ = {isa = PBXBuildFile; fileRef = 8532CD9A1B41F78F004D45EF /* ZerableRoundButton.swift */; };
		85365E911B3DCAED0053448F /* ItemListViewController.swift in Sources */ = {isa = PBXBuildFile; fileRef = 85365E901B3DCAED0053448F /* ItemListViewController.swift */; };
		85365E931B3E3BF20053448F /* ZerableScrollView.swift in Sources */ = {isa = PBXBuildFile; fileRef = 85365E921B3E3BF20053448F /* ZerableScrollView.swift */; };
		853FD2761B3CB68100969391 /* ZerableHelperFunctions.swift in Sources */ = {isa = PBXBuildFile; fileRef = 853FD2751B3CB68100969391 /* ZerableHelperFunctions.swift */; };
		853FD2781B3CC0AF00969391 /* TermAndPolicyViewController.swift in Sources */ = {isa = PBXBuildFile; fileRef = 853FD2771B3CC0AF00969391 /* TermAndPolicyViewController.swift */; };
		8546A1431B3A58CF00150669 /* KeychainWrapper.m in Sources */ = {isa = PBXBuildFile; fileRef = 8546A1421B3A58CF00150669 /* KeychainWrapper.m */; };
		8546A1471B3A5DBF00150669 /* LoginViewController.swift in Sources */ = {isa = PBXBuildFile; fileRef = 8546A1461B3A5DBE00150669 /* LoginViewController.swift */; };
		8546A1491B3A5EDE00150669 /* SignupViewController.swift in Sources */ = {isa = PBXBuildFile; fileRef = 8546A1481B3A5EDE00150669 /* SignupViewController.swift */; };
		85BA28DD1B4DD1660084E7A7 /* GradientView.swift in Sources */ = {isa = PBXBuildFile; fileRef = 85BA28DC1B4DD1660084E7A7 /* GradientView.swift */; };
		85BE69581B4397E0008F13F1 /* ItemCell.xib in Resources */ = {isa = PBXBuildFile; fileRef = 85BE69571B4397E0008F13F1 /* ItemCell.xib */; };
		85BE69641B439A1B008F13F1 /* ItemCell.swift in Sources */ = {isa = PBXBuildFile; fileRef = 85BE69631B439A1B008F13F1 /* ItemCell.swift */; };
		85D743F91B4F6E7100635CB4 /* ZerableDropDownTextField.swift in Sources */ = {isa = PBXBuildFile; fileRef = 85D743F81B4F6E7100635CB4 /* ZerableDropDownTextField.swift */; };
		85F6C9561B39F24500517ADB /* ZerableExtensions.swift in Sources */ = {isa = PBXBuildFile; fileRef = 85F6C9551B39F24500517ADB /* ZerableExtensions.swift */; };
		85F6C95A1B3A0A7000517ADB /* temp.png in Resources */ = {isa = PBXBuildFile; fileRef = 85F6C9591B3A0A7000517ADB /* temp.png */; };
		BD9A64C06A7F9F04C94923BF /* libPods-Zerable.a in Frameworks */ = {isa = PBXBuildFile; fileRef = 238220FA3A4BAFC8BB6EE9B2 /* libPods-Zerable.a */; };
/* End PBXBuildFile section */

/* Begin PBXContainerItemProxy section */
		85163BF61B39092100D07CCD /* PBXContainerItemProxy */ = {
			isa = PBXContainerItemProxy;
			containerPortal = 85163BD81B39092100D07CCD /* Project object */;
			proxyType = 1;
			remoteGlobalIDString = 85163BDF1B39092100D07CCD;
			remoteInfo = Zerable;
		};
/* End PBXContainerItemProxy section */

/* Begin PBXFileReference section */
		238220FA3A4BAFC8BB6EE9B2 /* libPods-Zerable.a */ = {isa = PBXFileReference; explicitFileType = archive.ar; includeInIndex = 0; path = "libPods-Zerable.a"; sourceTree = BUILT_PRODUCTS_DIR; };
		3AC14B8EFFEFEA77E66A76FD /* Pods-Zerable.release.xcconfig */ = {isa = PBXFileReference; includeInIndex = 1; lastKnownFileType = text.xcconfig; name = "Pods-Zerable.release.xcconfig"; path = "Pods/Target Support Files/Pods-Zerable/Pods-Zerable.release.xcconfig"; sourceTree = "<group>"; };
		85163BE01B39092100D07CCD /* Zerable.app */ = {isa = PBXFileReference; explicitFileType = wrapper.application; includeInIndex = 0; path = Zerable.app; sourceTree = BUILT_PRODUCTS_DIR; };
		85163BE41B39092100D07CCD /* Info.plist */ = {isa = PBXFileReference; lastKnownFileType = text.plist.xml; path = Info.plist; sourceTree = "<group>"; };
		85163BE51B39092100D07CCD /* AppDelegate.swift */ = {isa = PBXFileReference; lastKnownFileType = sourcecode.swift; path = AppDelegate.swift; sourceTree = "<group>"; };
		85163BEA1B39092100D07CCD /* Base */ = {isa = PBXFileReference; lastKnownFileType = file.storyboard; name = Base; path = Base.lproj/Main.storyboard; sourceTree = "<group>"; };
		85163BEC1B39092100D07CCD /* Images.xcassets */ = {isa = PBXFileReference; lastKnownFileType = folder.assetcatalog; path = Images.xcassets; sourceTree = "<group>"; };
		85163BEF1B39092100D07CCD /* Base */ = {isa = PBXFileReference; lastKnownFileType = file.xib; name = Base; path = Base.lproj/LaunchScreen.xib; sourceTree = "<group>"; };
		85163BF51B39092100D07CCD /* ZerableTests.xctest */ = {isa = PBXFileReference; explicitFileType = wrapper.cfbundle; includeInIndex = 0; path = ZerableTests.xctest; sourceTree = BUILT_PRODUCTS_DIR; };
		85163BFA1B39092100D07CCD /* Info.plist */ = {isa = PBXFileReference; lastKnownFileType = text.plist.xml; path = Info.plist; sourceTree = "<group>"; };
		85163BFB1B39092100D07CCD /* ZerableTests.swift */ = {isa = PBXFileReference; lastKnownFileType = sourcecode.swift; path = ZerableTests.swift; sourceTree = "<group>"; };
		851B8D971B55A23E00A33C8F /* PaymentInfoViewController.swift */ = {isa = PBXFileReference; fileEncoding = 4; lastKnownFileType = sourcecode.swift; path = PaymentInfoViewController.swift; sourceTree = "<group>"; };
		852B25891B4DB93300F597ED /* SettingsViewController.swift */ = {isa = PBXFileReference; fileEncoding = 4; lastKnownFileType = sourcecode.swift; path = SettingsViewController.swift; sourceTree = "<group>"; };
		852B258B1B4DBA9900F597ED /* SettingsCell.swift */ = {isa = PBXFileReference; fileEncoding = 4; lastKnownFileType = sourcecode.swift; path = SettingsCell.swift; sourceTree = "<group>"; };
		852B258D1B4DBAF100F597ED /* SettingsCell.xib */ = {isa = PBXFileReference; fileEncoding = 4; lastKnownFileType = file.xib; path = SettingsCell.xib; sourceTree = "<group>"; };
		852B9C9C1B50DE33006DE459 /* ProfileViewController.swift */ = {isa = PBXFileReference; fileEncoding = 4; lastKnownFileType = sourcecode.swift; path = ProfileViewController.swift; sourceTree = "<group>"; };
		852B9C9E1B50E044006DE459 /* BasicInfoViewController.swift */ = {isa = PBXFileReference; fileEncoding = 4; lastKnownFileType = sourcecode.swift; path = BasicInfoViewController.swift; sourceTree = "<group>"; };
		852B9CA01B50E1F4006DE459 /* AddressViewController.swift */ = {isa = PBXFileReference; fileEncoding = 4; lastKnownFileType = sourcecode.swift; path = AddressViewController.swift; sourceTree = "<group>"; };
		8532CD981B41E92E004D45EF /* WelcomeViewController.swift */ = {isa = PBXFileReference; fileEncoding = 4; lastKnownFileType = sourcecode.swift; path = WelcomeViewController.swift; sourceTree = "<group>"; };
		8532CD9A1B41F78F004D45EF /* ZerableRoundButton.swift */ = {isa = PBXFileReference; fileEncoding = 4; lastKnownFileType = sourcecode.swift; path = ZerableRoundButton.swift; sourceTree = "<group>"; };
		85365E901B3DCAED0053448F /* ItemListViewController.swift */ = {isa = PBXFileReference; fileEncoding = 4; lastKnownFileType = sourcecode.swift; path = ItemListViewController.swift; sourceTree = "<group>"; };
		85365E921B3E3BF20053448F /* ZerableScrollView.swift */ = {isa = PBXFileReference; fileEncoding = 4; lastKnownFileType = sourcecode.swift; path = ZerableScrollView.swift; sourceTree = "<group>"; };
		853FD2751B3CB68100969391 /* ZerableHelperFunctions.swift */ = {isa = PBXFileReference; fileEncoding = 4; lastKnownFileType = sourcecode.swift; path = ZerableHelperFunctions.swift; sourceTree = "<group>"; };
		853FD2771B3CC0AF00969391 /* TermAndPolicyViewController.swift */ = {isa = PBXFileReference; fileEncoding = 4; lastKnownFileType = sourcecode.swift; path = TermAndPolicyViewController.swift; sourceTree = "<group>"; };
		8546A1401B3A58CE00150669 /* Zerable-Bridging-Header.h */ = {isa = PBXFileReference; lastKnownFileType = sourcecode.c.h; path = "Zerable-Bridging-Header.h"; sourceTree = "<group>"; };
		8546A1411B3A58CF00150669 /* KeychainWrapper.h */ = {isa = PBXFileReference; fileEncoding = 4; lastKnownFileType = sourcecode.c.h; path = KeychainWrapper.h; sourceTree = "<group>"; };
		8546A1421B3A58CF00150669 /* KeychainWrapper.m */ = {isa = PBXFileReference; fileEncoding = 4; lastKnownFileType = sourcecode.c.objc; path = KeychainWrapper.m; sourceTree = "<group>"; };
		8546A1461B3A5DBE00150669 /* LoginViewController.swift */ = {isa = PBXFileReference; fileEncoding = 4; lastKnownFileType = sourcecode.swift; path = LoginViewController.swift; sourceTree = "<group>"; };
		8546A1481B3A5EDE00150669 /* SignupViewController.swift */ = {isa = PBXFileReference; fileEncoding = 4; lastKnownFileType = sourcecode.swift; path = SignupViewController.swift; sourceTree = "<group>"; };
		85BA28DC1B4DD1660084E7A7 /* GradientView.swift */ = {isa = PBXFileReference; fileEncoding = 4; lastKnownFileType = sourcecode.swift; path = GradientView.swift; sourceTree = "<group>"; };
		85BE69571B4397E0008F13F1 /* ItemCell.xib */ = {isa = PBXFileReference; fileEncoding = 4; lastKnownFileType = file.xib; path = ItemCell.xib; sourceTree = "<group>"; };
		85BE69631B439A1B008F13F1 /* ItemCell.swift */ = {isa = PBXFileReference; fileEncoding = 4; lastKnownFileType = sourcecode.swift; path = ItemCell.swift; sourceTree = "<group>"; };
		85D743F81B4F6E7100635CB4 /* ZerableDropDownTextField.swift */ = {isa = PBXFileReference; fileEncoding = 4; lastKnownFileType = sourcecode.swift; path = ZerableDropDownTextField.swift; sourceTree = "<group>"; };
		85F6C9551B39F24500517ADB /* ZerableExtensions.swift */ = {isa = PBXFileReference; fileEncoding = 4; lastKnownFileType = sourcecode.swift; path = ZerableExtensions.swift; sourceTree = "<group>"; };
		85F6C9591B3A0A7000517ADB /* temp.png */ = {isa = PBXFileReference; lastKnownFileType = image.png; path = temp.png; sourceTree = "<group>"; };
		D09FFBFED2BF73E0FCA0F661 /* Pods-Zerable.debug.xcconfig */ = {isa = PBXFileReference; includeInIndex = 1; lastKnownFileType = text.xcconfig; name = "Pods-Zerable.debug.xcconfig"; path = "Pods/Target Support Files/Pods-Zerable/Pods-Zerable.debug.xcconfig"; sourceTree = "<group>"; };
/* End PBXFileReference section */

/* Begin PBXFrameworksBuildPhase section */
		85163BDD1B39092100D07CCD /* Frameworks */ = {
			isa = PBXFrameworksBuildPhase;
			buildActionMask = 2147483647;
			files = (
				BD9A64C06A7F9F04C94923BF /* libPods-Zerable.a in Frameworks */,
			);
			runOnlyForDeploymentPostprocessing = 0;
		};
		85163BF21B39092100D07CCD /* Frameworks */ = {
			isa = PBXFrameworksBuildPhase;
			buildActionMask = 2147483647;
			files = (
			);
			runOnlyForDeploymentPostprocessing = 0;
		};
/* End PBXFrameworksBuildPhase section */

/* Begin PBXGroup section */
		188299ECB325F50BC75EC3A8 /* Frameworks */ = {
			isa = PBXGroup;
			children = (
				238220FA3A4BAFC8BB6EE9B2 /* libPods-Zerable.a */,
			);
			name = Frameworks;
			sourceTree = "<group>";
		};
		85163BD71B39092100D07CCD = {
			isa = PBXGroup;
			children = (
				85163BE21B39092100D07CCD /* Zerable */,
				85163BF81B39092100D07CCD /* ZerableTests */,
				85163BE11B39092100D07CCD /* Products */,
				C63DA1091471853DE80A2F14 /* Pods */,
				188299ECB325F50BC75EC3A8 /* Frameworks */,
			);
			sourceTree = "<group>";
		};
		85163BE11B39092100D07CCD /* Products */ = {
			isa = PBXGroup;
			children = (
				85163BE01B39092100D07CCD /* Zerable.app */,
				85163BF51B39092100D07CCD /* ZerableTests.xctest */,
			);
			name = Products;
			sourceTree = "<group>";
		};
		85163BE21B39092100D07CCD /* Zerable */ = {
			isa = PBXGroup;
			children = (
				85163BE51B39092100D07CCD /* AppDelegate.swift */,
				85365E921B3E3BF20053448F /* ZerableScrollView.swift */,
				8532CD9A1B41F78F004D45EF /* ZerableRoundButton.swift */,
				8532CD981B41E92E004D45EF /* WelcomeViewController.swift */,
				8546A1461B3A5DBE00150669 /* LoginViewController.swift */,
				8546A1481B3A5EDE00150669 /* SignupViewController.swift */,
				853FD2771B3CC0AF00969391 /* TermAndPolicyViewController.swift */,
				85365E901B3DCAED0053448F /* ItemListViewController.swift */,
				852B25891B4DB93300F597ED /* SettingsViewController.swift */,
				852B258B1B4DBA9900F597ED /* SettingsCell.swift */,
				85BE69631B439A1B008F13F1 /* ItemCell.swift */,
				85BA28DC1B4DD1660084E7A7 /* GradientView.swift */,
				85D743F81B4F6E7100635CB4 /* ZerableDropDownTextField.swift */,
				852B9C9C1B50DE33006DE459 /* ProfileViewController.swift */,
				852B9C9E1B50E044006DE459 /* BasicInfoViewController.swift */,
				852B9CA01B50E1F4006DE459 /* AddressViewController.swift */,
				851B8D971B55A23E00A33C8F /* PaymentInfoViewController.swift */,
				853FD2751B3CB68100969391 /* ZerableHelperFunctions.swift */,
				85F6C9551B39F24500517ADB /* ZerableExtensions.swift */,
				8546A1411B3A58CF00150669 /* KeychainWrapper.h */,
				8546A1421B3A58CF00150669 /* KeychainWrapper.m */,
				85F6C9591B3A0A7000517ADB /* temp.png */,
				852B258D1B4DBAF100F597ED /* SettingsCell.xib */,
				85BE69571B4397E0008F13F1 /* ItemCell.xib */,
				85163BE91B39092100D07CCD /* Main.storyboard */,
				85163BEC1B39092100D07CCD /* Images.xcassets */,
				85163BEE1B39092100D07CCD /* LaunchScreen.xib */,
				85163BE31B39092100D07CCD /* Supporting Files */,
				8546A1401B3A58CE00150669 /* Zerable-Bridging-Header.h */,
			);
			path = Zerable;
			sourceTree = "<group>";
		};
		85163BE31B39092100D07CCD /* Supporting Files */ = {
			isa = PBXGroup;
			children = (
				85163BE41B39092100D07CCD /* Info.plist */,
			);
			name = "Supporting Files";
			sourceTree = "<group>";
		};
		85163BF81B39092100D07CCD /* ZerableTests */ = {
			isa = PBXGroup;
			children = (
				85163BFB1B39092100D07CCD /* ZerableTests.swift */,
				85163BF91B39092100D07CCD /* Supporting Files */,
			);
			path = ZerableTests;
			sourceTree = "<group>";
		};
		85163BF91B39092100D07CCD /* Supporting Files */ = {
			isa = PBXGroup;
			children = (
				85163BFA1B39092100D07CCD /* Info.plist */,
			);
			name = "Supporting Files";
			sourceTree = "<group>";
		};
		C63DA1091471853DE80A2F14 /* Pods */ = {
			isa = PBXGroup;
			children = (
				D09FFBFED2BF73E0FCA0F661 /* Pods-Zerable.debug.xcconfig */,
				3AC14B8EFFEFEA77E66A76FD /* Pods-Zerable.release.xcconfig */,
			);
			name = Pods;
			sourceTree = "<group>";
		};
/* End PBXGroup section */

/* Begin PBXNativeTarget section */
		85163BDF1B39092100D07CCD /* Zerable */ = {
			isa = PBXNativeTarget;
			buildConfigurationList = 85163BFF1B39092100D07CCD /* Build configuration list for PBXNativeTarget "Zerable" */;
			buildPhases = (
				E5ABA711B98A505860FE2870 /* Check Pods Manifest.lock */,
				85163BDC1B39092100D07CCD /* Sources */,
				85163BDD1B39092100D07CCD /* Frameworks */,
				85163BDE1B39092100D07CCD /* Resources */,
				CF28C0F995EE1B996718772A /* Copy Pods Resources */,
			);
			buildRules = (
			);
			dependencies = (
			);
			name = Zerable;
			productName = Zerable;
			productReference = 85163BE01B39092100D07CCD /* Zerable.app */;
			productType = "com.apple.product-type.application";
		};
		85163BF41B39092100D07CCD /* ZerableTests */ = {
			isa = PBXNativeTarget;
			buildConfigurationList = 85163C021B39092100D07CCD /* Build configuration list for PBXNativeTarget "ZerableTests" */;
			buildPhases = (
				85163BF11B39092100D07CCD /* Sources */,
				85163BF21B39092100D07CCD /* Frameworks */,
				85163BF31B39092100D07CCD /* Resources */,
			);
			buildRules = (
			);
			dependencies = (
				85163BF71B39092100D07CCD /* PBXTargetDependency */,
			);
			name = ZerableTests;
			productName = ZerableTests;
			productReference = 85163BF51B39092100D07CCD /* ZerableTests.xctest */;
			productType = "com.apple.product-type.bundle.unit-test";
		};
/* End PBXNativeTarget section */

/* Begin PBXProject section */
		85163BD81B39092100D07CCD /* Project object */ = {
			isa = PBXProject;
			attributes = {
				LastUpgradeCheck = 0630;
				ORGANIZATIONNAME = "Ziyang Tan";
				TargetAttributes = {
					85163BDF1B39092100D07CCD = {
						CreatedOnToolsVersion = 6.3.2;
					};
					85163BF41B39092100D07CCD = {
						CreatedOnToolsVersion = 6.3.2;
						TestTargetID = 85163BDF1B39092100D07CCD;
					};
				};
			};
			buildConfigurationList = 85163BDB1B39092100D07CCD /* Build configuration list for PBXProject "Zerable" */;
			compatibilityVersion = "Xcode 3.2";
			developmentRegion = English;
			hasScannedForEncodings = 0;
			knownRegions = (
				en,
				Base,
			);
			mainGroup = 85163BD71B39092100D07CCD;
			productRefGroup = 85163BE11B39092100D07CCD /* Products */;
			projectDirPath = "";
			projectRoot = "";
			targets = (
				85163BDF1B39092100D07CCD /* Zerable */,
				85163BF41B39092100D07CCD /* ZerableTests */,
			);
		};
/* End PBXProject section */

/* Begin PBXResourcesBuildPhase section */
		85163BDE1B39092100D07CCD /* Resources */ = {
			isa = PBXResourcesBuildPhase;
			buildActionMask = 2147483647;
			files = (
				852B258E1B4DBAF100F597ED /* SettingsCell.xib in Resources */,
				85163BEB1B39092100D07CCD /* Main.storyboard in Resources */,
				85F6C95A1B3A0A7000517ADB /* temp.png in Resources */,
				85BE69581B4397E0008F13F1 /* ItemCell.xib in Resources */,
				85163BF01B39092100D07CCD /* LaunchScreen.xib in Resources */,
				85163BED1B39092100D07CCD /* Images.xcassets in Resources */,
			);
			runOnlyForDeploymentPostprocessing = 0;
		};
		85163BF31B39092100D07CCD /* Resources */ = {
			isa = PBXResourcesBuildPhase;
			buildActionMask = 2147483647;
			files = (
			);
			runOnlyForDeploymentPostprocessing = 0;
		};
/* End PBXResourcesBuildPhase section */

/* Begin PBXShellScriptBuildPhase section */
		CF28C0F995EE1B996718772A /* Copy Pods Resources */ = {
			isa = PBXShellScriptBuildPhase;
			buildActionMask = 2147483647;
			files = (
			);
			inputPaths = (
			);
			name = "Copy Pods Resources";
			outputPaths = (
			);
			runOnlyForDeploymentPostprocessing = 0;
			shellPath = /bin/sh;
			shellScript = "\"${SRCROOT}/Pods/Target Support Files/Pods-Zerable/Pods-Zerable-resources.sh\"\n";
			showEnvVarsInLog = 0;
		};
		E5ABA711B98A505860FE2870 /* Check Pods Manifest.lock */ = {
			isa = PBXShellScriptBuildPhase;
			buildActionMask = 2147483647;
			files = (
			);
			inputPaths = (
			);
			name = "Check Pods Manifest.lock";
			outputPaths = (
			);
			runOnlyForDeploymentPostprocessing = 0;
			shellPath = /bin/sh;
			shellScript = "diff \"${PODS_ROOT}/../Podfile.lock\" \"${PODS_ROOT}/Manifest.lock\" > /dev/null\nif [[ $? != 0 ]] ; then\n    cat << EOM\nerror: The sandbox is not in sync with the Podfile.lock. Run 'pod install' or update your CocoaPods installation.\nEOM\n    exit 1\nfi\n";
			showEnvVarsInLog = 0;
		};
/* End PBXShellScriptBuildPhase section */

/* Begin PBXSourcesBuildPhase section */
		85163BDC1B39092100D07CCD /* Sources */ = {
			isa = PBXSourcesBuildPhase;
			buildActionMask = 2147483647;
			files = (
				85D743F91B4F6E7100635CB4 /* ZerableDropDownTextField.swift in Sources */,
				852B258C1B4DBA9900F597ED /* SettingsCell.swift in Sources */,
				851B8D981B55A23E00A33C8F /* PaymentInfoViewController.swift in Sources */,
				853FD2781B3CC0AF00969391 /* TermAndPolicyViewController.swift in Sources */,
				852B9CA11B50E1F4006DE459 /* AddressViewController.swift in Sources */,
				85BA28DD1B4DD1660084E7A7 /* GradientView.swift in Sources */,
				8532CD991B41E92E004D45EF /* WelcomeViewController.swift in Sources */,
				852B9C9F1B50E044006DE459 /* BasicInfoViewController.swift in Sources */,
				85365E911B3DCAED0053448F /* ItemListViewController.swift in Sources */,
				85365E931B3E3BF20053448F /* ZerableScrollView.swift in Sources */,
				8546A1431B3A58CF00150669 /* KeychainWrapper.m in Sources */,
				8532CD9B1B41F78F004D45EF /* ZerableRoundButton.swift in Sources */,
				852B9C9D1B50DE33006DE459 /* ProfileViewController.swift in Sources */,
				85163BE61B39092100D07CCD /* AppDelegate.swift in Sources */,
				8546A1491B3A5EDE00150669 /* SignupViewController.swift in Sources */,
				85BE69641B439A1B008F13F1 /* ItemCell.swift in Sources */,
				853FD2761B3CB68100969391 /* ZerableHelperFunctions.swift in Sources */,
				852B258A1B4DB93300F597ED /* SettingsViewController.swift in Sources */,
				8546A1471B3A5DBF00150669 /* LoginViewController.swift in Sources */,
				85F6C9561B39F24500517ADB /* ZerableExtensions.swift in Sources */,
			);
			runOnlyForDeploymentPostprocessing = 0;
		};
		85163BF11B39092100D07CCD /* Sources */ = {
			isa = PBXSourcesBuildPhase;
			buildActionMask = 2147483647;
			files = (
				85163BFC1B39092100D07CCD /* ZerableTests.swift in Sources */,
			);
			runOnlyForDeploymentPostprocessing = 0;
		};
/* End PBXSourcesBuildPhase section */

/* Begin PBXTargetDependency section */
		85163BF71B39092100D07CCD /* PBXTargetDependency */ = {
			isa = PBXTargetDependency;
			target = 85163BDF1B39092100D07CCD /* Zerable */;
			targetProxy = 85163BF61B39092100D07CCD /* PBXContainerItemProxy */;
		};
/* End PBXTargetDependency section */

/* Begin PBXVariantGroup section */
		85163BE91B39092100D07CCD /* Main.storyboard */ = {
			isa = PBXVariantGroup;
			children = (
				85163BEA1B39092100D07CCD /* Base */,
			);
			name = Main.storyboard;
			sourceTree = "<group>";
		};
		85163BEE1B39092100D07CCD /* LaunchScreen.xib */ = {
			isa = PBXVariantGroup;
			children = (
				85163BEF1B39092100D07CCD /* Base */,
			);
			name = LaunchScreen.xib;
			sourceTree = "<group>";
		};
/* End PBXVariantGroup section */

/* Begin XCBuildConfiguration section */
		85163BFD1B39092100D07CCD /* Debug */ = {
			isa = XCBuildConfiguration;
			buildSettings = {
				ALWAYS_SEARCH_USER_PATHS = NO;
				CLANG_CXX_LANGUAGE_STANDARD = "gnu++0x";
				CLANG_CXX_LIBRARY = "libc++";
				CLANG_ENABLE_MODULES = YES;
				CLANG_ENABLE_OBJC_ARC = YES;
				CLANG_WARN_BOOL_CONVERSION = YES;
				CLANG_WARN_CONSTANT_CONVERSION = YES;
				CLANG_WARN_DIRECT_OBJC_ISA_USAGE = YES_ERROR;
				CLANG_WARN_EMPTY_BODY = YES;
				CLANG_WARN_ENUM_CONVERSION = YES;
				CLANG_WARN_INT_CONVERSION = YES;
				CLANG_WARN_OBJC_ROOT_CLASS = YES_ERROR;
				CLANG_WARN_UNREACHABLE_CODE = YES;
				CLANG_WARN__DUPLICATE_METHOD_MATCH = YES;
				CODE_SIGN_IDENTITY = "iPhone Developer: Ziyang Tan (J399BR646G)";
				"CODE_SIGN_IDENTITY[sdk=iphoneos*]" = "iPhone Developer";
				COPY_PHASE_STRIP = NO;
				DEBUG_INFORMATION_FORMAT = "dwarf-with-dsym";
				ENABLE_STRICT_OBJC_MSGSEND = YES;
				GCC_C_LANGUAGE_STANDARD = gnu99;
				GCC_DYNAMIC_NO_PIC = NO;
				GCC_NO_COMMON_BLOCKS = YES;
				GCC_OPTIMIZATION_LEVEL = 0;
				GCC_PREPROCESSOR_DEFINITIONS = (
					"DEBUG=1",
					"$(inherited)",
				);
				GCC_SYMBOLS_PRIVATE_EXTERN = NO;
				GCC_WARN_64_TO_32_BIT_CONVERSION = YES;
				GCC_WARN_ABOUT_RETURN_TYPE = YES_ERROR;
				GCC_WARN_UNDECLARED_SELECTOR = YES;
				GCC_WARN_UNINITIALIZED_AUTOS = YES_AGGRESSIVE;
				GCC_WARN_UNUSED_FUNCTION = YES;
				GCC_WARN_UNUSED_VARIABLE = YES;
				IPHONEOS_DEPLOYMENT_TARGET = 8.3;
				MTL_ENABLE_DEBUG_INFO = YES;
				ONLY_ACTIVE_ARCH = YES;
				SDKROOT = iphoneos;
				SWIFT_OPTIMIZATION_LEVEL = "-Onone";
				TARGETED_DEVICE_FAMILY = "1,2";
			};
			name = Debug;
		};
		85163BFE1B39092100D07CCD /* Release */ = {
			isa = XCBuildConfiguration;
			buildSettings = {
				ALWAYS_SEARCH_USER_PATHS = NO;
				CLANG_CXX_LANGUAGE_STANDARD = "gnu++0x";
				CLANG_CXX_LIBRARY = "libc++";
				CLANG_ENABLE_MODULES = YES;
				CLANG_ENABLE_OBJC_ARC = YES;
				CLANG_WARN_BOOL_CONVERSION = YES;
				CLANG_WARN_CONSTANT_CONVERSION = YES;
				CLANG_WARN_DIRECT_OBJC_ISA_USAGE = YES_ERROR;
				CLANG_WARN_EMPTY_BODY = YES;
				CLANG_WARN_ENUM_CONVERSION = YES;
				CLANG_WARN_INT_CONVERSION = YES;
				CLANG_WARN_OBJC_ROOT_CLASS = YES_ERROR;
				CLANG_WARN_UNREACHABLE_CODE = YES;
				CLANG_WARN__DUPLICATE_METHOD_MATCH = YES;
				CODE_SIGN_IDENTITY = "iPhone Developer: Ziyang Tan (J399BR646G)";
				"CODE_SIGN_IDENTITY[sdk=iphoneos*]" = "iPhone Developer";
				COPY_PHASE_STRIP = NO;
				DEBUG_INFORMATION_FORMAT = "dwarf-with-dsym";
				ENABLE_NS_ASSERTIONS = NO;
				ENABLE_STRICT_OBJC_MSGSEND = YES;
				GCC_C_LANGUAGE_STANDARD = gnu99;
				GCC_NO_COMMON_BLOCKS = YES;
				GCC_WARN_64_TO_32_BIT_CONVERSION = YES;
				GCC_WARN_ABOUT_RETURN_TYPE = YES_ERROR;
				GCC_WARN_UNDECLARED_SELECTOR = YES;
				GCC_WARN_UNINITIALIZED_AUTOS = YES_AGGRESSIVE;
				GCC_WARN_UNUSED_FUNCTION = YES;
				GCC_WARN_UNUSED_VARIABLE = YES;
				IPHONEOS_DEPLOYMENT_TARGET = 8.3;
				MTL_ENABLE_DEBUG_INFO = NO;
				SDKROOT = iphoneos;
				TARGETED_DEVICE_FAMILY = "1,2";
				VALIDATE_PRODUCT = YES;
			};
			name = Release;
		};
		85163C001B39092100D07CCD /* Debug */ = {
			isa = XCBuildConfiguration;
			baseConfigurationReference = D09FFBFED2BF73E0FCA0F661 /* Pods-Zerable.debug.xcconfig */;
			buildSettings = {
				ASSETCATALOG_COMPILER_APPICON_NAME = AppIcon;
				CLANG_ENABLE_MODULES = YES;
				INFOPLIST_FILE = Zerable/Info.plist;
				IPHONEOS_DEPLOYMENT_TARGET = 8.2;
				LD_RUNPATH_SEARCH_PATHS = "$(inherited) @executable_path/Frameworks";
				PRODUCT_NAME = "$(TARGET_NAME)";
				SWIFT_OBJC_BRIDGING_HEADER = "Zerable/Zerable-Bridging-Header.h";
				SWIFT_OPTIMIZATION_LEVEL = "-Onone";
			};
			name = Debug;
		};
		85163C011B39092100D07CCD /* Release */ = {
			isa = XCBuildConfiguration;
			baseConfigurationReference = 3AC14B8EFFEFEA77E66A76FD /* Pods-Zerable.release.xcconfig */;
			buildSettings = {
				ASSETCATALOG_COMPILER_APPICON_NAME = AppIcon;
				CLANG_ENABLE_MODULES = YES;
				INFOPLIST_FILE = Zerable/Info.plist;
				IPHONEOS_DEPLOYMENT_TARGET = 8.2;
				LD_RUNPATH_SEARCH_PATHS = "$(inherited) @executable_path/Frameworks";
				PRODUCT_NAME = "$(TARGET_NAME)";
				SWIFT_OBJC_BRIDGING_HEADER = "Zerable/Zerable-Bridging-Header.h";
			};
			name = Release;
		};
		85163C031B39092100D07CCD /* Debug */ = {
			isa = XCBuildConfiguration;
			buildSettings = {
				BUNDLE_LOADER = "$(TEST_HOST)";
				FRAMEWORK_SEARCH_PATHS = (
					"$(SDKROOT)/Developer/Library/Frameworks",
					"$(inherited)",
				);
				GCC_PREPROCESSOR_DEFINITIONS = (
					"DEBUG=1",
					"$(inherited)",
				);
				INFOPLIST_FILE = ZerableTests/Info.plist;
				LD_RUNPATH_SEARCH_PATHS = "$(inherited) @executable_path/Frameworks @loader_path/Frameworks";
				PRODUCT_NAME = "$(TARGET_NAME)";
				TEST_HOST = "$(BUILT_PRODUCTS_DIR)/Zerable.app/Zerable";
			};
			name = Debug;
		};
		85163C041B39092100D07CCD /* Release */ = {
			isa = XCBuildConfiguration;
			buildSettings = {
				BUNDLE_LOADER = "$(TEST_HOST)";
				FRAMEWORK_SEARCH_PATHS = (
					"$(SDKROOT)/Developer/Library/Frameworks",
					"$(inherited)",
				);
				INFOPLIST_FILE = ZerableTests/Info.plist;
				LD_RUNPATH_SEARCH_PATHS = "$(inherited) @executable_path/Frameworks @loader_path/Frameworks";
				PRODUCT_NAME = "$(TARGET_NAME)";
				TEST_HOST = "$(BUILT_PRODUCTS_DIR)/Zerable.app/Zerable";
			};
			name = Release;
		};
/* End XCBuildConfiguration section */

/* Begin XCConfigurationList section */
		85163BDB1B39092100D07CCD /* Build configuration list for PBXProject "Zerable" */ = {
			isa = XCConfigurationList;
			buildConfigurations = (
				85163BFD1B39092100D07CCD /* Debug */,
				85163BFE1B39092100D07CCD /* Release */,
			);
			defaultConfigurationIsVisible = 0;
			defaultConfigurationName = Release;
		};
		85163BFF1B39092100D07CCD /* Build configuration list for PBXNativeTarget "Zerable" */ = {
			isa = XCConfigurationList;
			buildConfigurations = (
				85163C001B39092100D07CCD /* Debug */,
				85163C011B39092100D07CCD /* Release */,
			);
			defaultConfigurationIsVisible = 0;
			defaultConfigurationName = Release;
		};
		85163C021B39092100D07CCD /* Build configuration list for PBXNativeTarget "ZerableTests" */ = {
			isa = XCConfigurationList;
			buildConfigurations = (
				85163C031B39092100D07CCD /* Debug */,
				85163C041B39092100D07CCD /* Release */,
			);
			defaultConfigurationIsVisible = 0;
			defaultConfigurationName = Release;
		};
/* End XCConfigurationList section */
	};
	rootObject = 85163BD81B39092100D07CCD /* Project object */;
}
